
// !$*UTF8*$!
{
	archiveVersion = 1;
	classes = {
	};
	objectVersion = 50;
	objects = {

/* Begin PBXBuildFile section */
		4B80E60A220A33310088E8A7 /* AppDelegate.swift in Sources */ = {isa = PBXBuildFile; fileRef = 4B80E609220A33310088E8A7 /* AppDelegate.swift */; };
		4B80E60F220A33310088E8A7 /* Main.storyboard in Resources */ = {isa = PBXBuildFile; fileRef = 4B80E60D220A33310088E8A7 /* Main.storyboard */; };
		4B80E611220A33320088E8A7 /* Assets.xcassets in Resources */ = {isa = PBXBuildFile; fileRef = 4B80E610220A33320088E8A7 /* Assets.xcassets */; };
		4B80E614220A33320088E8A7 /* LaunchScreen.storyboard in Resources */ = {isa = PBXBuildFile; fileRef = 4B80E612220A33320088E8A7 /* LaunchScreen.storyboard */; };
		4B80E61F220A33330088E8A7 /* KrasamoStockTrackerTests.swift in Sources */ = {isa = PBXBuildFile; fileRef = 4B80E61E220A33330088E8A7 /* KrasamoStockTrackerTests.swift */; };
		4B80E62C220A38410088E8A7 /* StockCell.swift in Sources */ = {isa = PBXBuildFile; fileRef = 4B80E62B220A38410088E8A7 /* StockCell.swift */; };
		4B80E633220A6A090088E8A7 /* IEXConstants.swift in Sources */ = {isa = PBXBuildFile; fileRef = 4B80E632220A6A090088E8A7 /* IEXConstants.swift */; };
		4B80E638220A6B8A0088E8A7 /* Quote.swift in Sources */ = {isa = PBXBuildFile; fileRef = 4B80E637220A6B8A0088E8A7 /* Quote.swift */; };
		4B80E63C220A6E100088E8A7 /* IEXClient.swift in Sources */ = {isa = PBXBuildFile; fileRef = 4B80E63B220A6E100088E8A7 /* IEXClient.swift */; };
		4B80E63E220AA2B80088E8A7 /* StockViewController.swift in Sources */ = {isa = PBXBuildFile; fileRef = 4B80E63D220AA2B80088E8A7 /* StockViewController.swift */; };
		4B80E643220B74530088E8A7 /* StockDataSource.swift in Sources */ = {isa = PBXBuildFile; fileRef = 4B80E642220B74530088E8A7 /* StockDataSource.swift */; };
/* End PBXBuildFile section */

/* Begin PBXContainerItemProxy section */
		4B80E61B220A33330088E8A7 /* PBXContainerItemProxy */ = {
			isa = PBXContainerItemProxy;
			containerPortal = 4B80E5FE220A33310088E8A7 /* Project object */;
			proxyType = 1;
			remoteGlobalIDString = 4B80E605220A33310088E8A7;
			remoteInfo = KrasamoStockTracker;
		};
/* End PBXContainerItemProxy section */

/* Begin PBXFileReference section */
		4B80E606220A33310088E8A7 /* KrasamoStockTracker.app */ = {isa = PBXFileReference; explicitFileType = wrapper.application; includeInIndex = 0; path = KrasamoStockTracker.app; sourceTree = BUILT_PRODUCTS_DIR; };
		4B80E609220A33310088E8A7 /* AppDelegate.swift */ = {isa = PBXFileReference; lastKnownFileType = sourcecode.swift; path = AppDelegate.swift; sourceTree = "<group>"; };
		4B80E60E220A33310088E8A7 /* Base */ = {isa = PBXFileReference; lastKnownFileType = file.storyboard; name = Base; path = Base.lproj/Main.storyboard; sourceTree = "<group>"; };
		4B80E610220A33320088E8A7 /* Assets.xcassets */ = {isa = PBXFileReference; lastKnownFileType = folder.assetcatalog; path = Assets.xcassets; sourceTree = "<group>"; };
		4B80E613220A33320088E8A7 /* Base */ = {isa = PBXFileReference; lastKnownFileType = file.storyboard; name = Base; path = Base.lproj/LaunchScreen.storyboard; sourceTree = "<group>"; };
		4B80E615220A33320088E8A7 /* Info.plist */ = {isa = PBXFileReference; lastKnownFileType = text.plist.xml; path = Info.plist; sourceTree = "<group>"; };
		4B80E61A220A33330088E8A7 /* KrasamoStockTrackerTests.xctest */ = {isa = PBXFileReference; explicitFileType = wrapper.cfbundle; includeInIndex = 0; path = KrasamoStockTrackerTests.xctest; sourceTree = BUILT_PRODUCTS_DIR; };
		4B80E61E220A33330088E8A7 /* KrasamoStockTrackerTests.swift */ = {isa = PBXFileReference; lastKnownFileType = sourcecode.swift; path = KrasamoStockTrackerTests.swift; sourceTree = "<group>"; };
		4B80E620220A33330088E8A7 /* Info.plist */ = {isa = PBXFileReference; lastKnownFileType = text.plist.xml; path = Info.plist; sourceTree = "<group>"; };
		4B80E62B220A38410088E8A7 /* StockCell.swift */ = {isa = PBXFileReference; lastKnownFileType = sourcecode.swift; path = StockCell.swift; sourceTree = "<group>"; };
		4B80E632220A6A090088E8A7 /* IEXConstants.swift */ = {isa = PBXFileReference; lastKnownFileType = sourcecode.swift; path = IEXConstants.swift; sourceTree = "<group>"; };
		4B80E637220A6B8A0088E8A7 /* Quote.swift */ = {isa = PBXFileReference; lastKnownFileType = sourcecode.swift; path = Quote.swift; sourceTree = "<group>"; };
		4B80E63B220A6E100088E8A7 /* IEXClient.swift */ = {isa = PBXFileReference; lastKnownFileType = sourcecode.swift; path = IEXClient.swift; sourceTree = "<group>"; };
		4B80E63D220AA2B80088E8A7 /* StockViewController.swift */ = {isa = PBXFileReference; lastKnownFileType = sourcecode.swift; path = StockViewController.swift; sourceTree = "<group>"; };
		4B80E642220B74530088E8A7 /* StockDataSource.swift */ = {isa = PBXFileReference; lastKnownFileType = sourcecode.swift; path = StockDataSource.swift; sourceTree = "<group>"; };
/* End PBXFileReference section */

/* Begin PBXFrameworksBuildPhase section */
		4B80E603220A33310088E8A7 /* Frameworks */ = {
			isa = PBXFrameworksBuildPhase;
			buildActionMask = 2147483647;
			files = (
			);
			runOnlyForDeploymentPostprocessing = 0;
		};
		4B80E617220A33330088E8A7 /* Frameworks */ = {
			isa = PBXFrameworksBuildPhase;
			buildActionMask = 2147483647;
			files = (
			);
			runOnlyForDeploymentPostprocessing = 0;
		};
/* End PBXFrameworksBuildPhase section */

/* Begin PBXGroup section */
		4B80E5FD220A33310088E8A7 = {
			isa = PBXGroup;
			children = (
				4B80E608220A33310088E8A7 /* KrasamoStockTracker */,
				4B80E61D220A33330088E8A7 /* KrasamoStockTrackerTests */,
				4B80E607220A33310088E8A7 /* Products */,
			);
			sourceTree = "<group>";
		};
		4B80E607220A33310088E8A7 /* Products */ = {
			isa = PBXGroup;
			children = (
				4B80E606220A33310088E8A7 /* KrasamoStockTracker.app */,
				4B80E61A220A33330088E8A7 /* KrasamoStockTrackerTests.xctest */,
			);
			name = Products;
			sourceTree = "<group>";
		};
		4B80E608220A33310088E8A7 /* KrasamoStockTracker */ = {
			isa = PBXGroup;
			children = (
				4BD2415D220BB4B30052FD39 /* Storyboards */,
				4B80E636220A6B7C0088E8A7 /* Models */,
				4B80E63F220AECEB0088E8A7 /* Views */,
				4BD2415C220BB47F0052FD39 /* Controllers */,
				4B80E62D220A60CC0088E8A7 /* Network */,
				4B80E609220A33310088E8A7 /* AppDelegate.swift */,
				4B80E610220A33320088E8A7 /* Assets.xcassets */,
				4B80E615220A33320088E8A7 /* Info.plist */,
			);
			path = KrasamoStockTracker;
			sourceTree = "<group>";
		};
		4B80E61D220A33330088E8A7 /* KrasamoStockTrackerTests */ = {
			isa = PBXGroup;
			children = (
				4B80E61E220A33330088E8A7 /* KrasamoStockTrackerTests.swift */,
				4B80E620220A33330088E8A7 /* Info.plist */,
			);
			path = KrasamoStockTrackerTests;
			sourceTree = "<group>";
		};
		4B80E62D220A60CC0088E8A7 /* Network */ = {
			isa = PBXGroup;
			children = (
				4B80E63B220A6E100088E8A7 /* IEXClient.swift */,
				4B80E632220A6A090088E8A7 /* IEXConstants.swift */,
			);
			path = Network;
			sourceTree = "<group>";
		};
		4B80E636220A6B7C0088E8A7 /* Models */ = {
			isa = PBXGroup;
			children = (
				4B80E642220B74530088E8A7 /* StockDataSource.swift */,
				4B80E637220A6B8A0088E8A7 /* Quote.swift */,
			);
			path = Models;
			sourceTree = "<group>";
		};
		4B80E63F220AECEB0088E8A7 /* Views */ = {
			isa = PBXGroup;
			children = (
				4B80E62B220A38410088E8A7 /* StockCell.swift */,
			);
			path = Views;
			sourceTree = "<group>";
		};
		4BD2415C220BB47F0052FD39 /* Controllers */ = {
			isa = PBXGroup;
			children = (
				4B80E63D220AA2B80088E8A7 /* StockViewController.swift */,
			);
			path = Controllers;
			sourceTree = "<group>";
		};
		4BD2415D220BB4B30052FD39 /* Storyboards */ = {
			isa = PBXGroup;
			children = (
				4B80E60D220A33310088E8A7 /* Main.storyboard */,
				4B80E612220A33320088E8A7 /* LaunchScreen.storyboard */,
			);
			path = Storyboards;
			sourceTree = "<group>";
		};
/* End PBXGroup section */

/* Begin PBXNativeTarget section */
		4B80E605220A33310088E8A7 /* KrasamoStockTracker */ = {
			isa = PBXNativeTarget;
			buildConfigurationList = 4B80E623220A33330088E8A7 /* Build configuration list for PBXNativeTarget "KrasamoStockTracker" */;
			buildPhases = (
				4B80E602220A33310088E8A7 /* Sources */,
				4B80E603220A33310088E8A7 /* Frameworks */,
				4B80E604220A33310088E8A7 /* Resources */,
			);
			buildRules = (
			);
			dependencies = (
			);
			name = KrasamoStockTracker;
			productName = KrasamoStockTracker;
			productReference = 4B80E606220A33310088E8A7 /* KrasamoStockTracker.app */;
			productType = "com.apple.product-type.application";
		};
		4B80E619220A33330088E8A7 /* KrasamoStockTrackerTests */ = {
			isa = PBXNativeTarget;
			buildConfigurationList = 4B80E626220A33330088E8A7 /* Build configuration list for PBXNativeTarget "KrasamoStockTrackerTests" */;
			buildPhases = (
				4B80E616220A33330088E8A7 /* Sources */,
				4B80E617220A33330088E8A7 /* Frameworks */,
				4B80E618220A33330088E8A7 /* Resources */,
			);
			buildRules = (
			);
			dependencies = (
				4B80E61C220A33330088E8A7 /* PBXTargetDependency */,
			);
			name = KrasamoStockTrackerTests;
			productName = KrasamoStockTrackerTests;
			productReference = 4B80E61A220A33330088E8A7 /* KrasamoStockTrackerTests.xctest */;
			productType = "com.apple.product-type.bundle.unit-test";
		};
/* End PBXNativeTarget section */

/* Begin PBXProject section */
		4B80E5FE220A33310088E8A7 /* Project object */ = {
			isa = PBXProject;
			attributes = {
				LastSwiftUpdateCheck = 1010;
				LastUpgradeCheck = 1010;
				ORGANIZATIONNAME = "Rays Industrial Computers";
				TargetAttributes = {
					4B80E605220A33310088E8A7 = {
						CreatedOnToolsVersion = 10.1;
					};
					4B80E619220A33330088E8A7 = {
						CreatedOnToolsVersion = 10.1;
						TestTargetID = 4B80E605220A33310088E8A7;
					};
				};
			};
			buildConfigurationList = 4B80E601220A33310088E8A7 /* Build configuration list for PBXProject "KrasamoStockTracker" */;
			compatibilityVersion = "Xcode 9.3";
			developmentRegion = en;
			hasScannedForEncodings = 0;
			knownRegions = (
				en,
				Base,
			);
			mainGroup = 4B80E5FD220A33310088E8A7;
			productRefGroup = 4B80E607220A33310088E8A7 /* Products */;
			projectDirPath = "";
			projectRoot = "";
			targets = (
				4B80E605220A33310088E8A7 /* KrasamoStockTracker */,
				4B80E619220A33330088E8A7 /* KrasamoStockTrackerTests */,
			);
		};
/* End PBXProject section */

/* Begin PBXResourcesBuildPhase section */
		4B80E604220A33310088E8A7 /* Resources */ = {
			isa = PBXResourcesBuildPhase;
			buildActionMask = 2147483647;
			files = (
				4B80E614220A33320088E8A7 /* LaunchScreen.storyboard in Resources */,
				4B80E611220A33320088E8A7 /* Assets.xcassets in Resources */,
				4B80E60F220A33310088E8A7 /* Main.storyboard in Resources */,
			);
			runOnlyForDeploymentPostprocessing = 0;
		};
		4B80E618220A33330088E8A7 /* Resources */ = {
			isa = PBXResourcesBuildPhase;
			buildActionMask = 2147483647;
			files = (
			);
			runOnlyForDeploymentPostprocessing = 0;
		};
/* End PBXResourcesBuildPhase section */

/* Begin PBXSourcesBuildPhase section */
		4B80E602220A33310088E8A7 /* Sources */ = {
			isa = PBXSourcesBuildPhase;
			buildActionMask = 2147483647;
			files = (
				4B80E63E220AA2B80088E8A7 /* StockViewController.swift in Sources */,
				4B80E63C220A6E100088E8A7 /* IEXClient.swift in Sources */,
				4B80E60A220A33310088E8A7 /* AppDelegate.swift in Sources */,
				4B80E633220A6A090088E8A7 /* IEXConstants.swift in Sources */,
				4B80E638220A6B8A0088E8A7 /* Quote.swift in Sources */,
				4B80E62C220A38410088E8A7 /* StockCell.swift in Sources */,
				4B80E643220B74530088E8A7 /* StockDataSource.swift in Sources */,
			);
			runOnlyForDeploymentPostprocessing = 0;
		};
		4B80E616220A33330088E8A7 /* Sources */ = {
			isa = PBXSourcesBuildPhase;
			buildActionMask = 2147483647;
			files = (
				4B80E61F220A33330088E8A7 /* KrasamoStockTrackerTests.swift in Sources */,
			);
			runOnlyForDeploymentPostprocessing = 0;
		};
/* End PBXSourcesBuildPhase section */

/* Begin PBXTargetDependency section */
		4B80E61C220A33330088E8A7 /* PBXTargetDependency */ = {
			isa = PBXTargetDependency;
			target = 4B80E605220A33310088E8A7 /* KrasamoStockTracker */;
			targetProxy = 4B80E61B220A33330088E8A7 /* PBXContainerItemProxy */;
		};
/* End PBXTargetDependency section */

/* Begin PBXVariantGroup section */
		4B80E60D220A33310088E8A7 /* Main.storyboard */ = {
			isa = PBXVariantGroup;
			children = (
				4B80E60E220A33310088E8A7 /* Base */,
			);
			name = Main.storyboard;
			sourceTree = "<group>";
		};
		4B80E612220A33320088E8A7 /* LaunchScreen.storyboard */ = {
			isa = PBXVariantGroup;
			children = (
				4B80E613220A33320088E8A7 /* Base */,
			);
			name = LaunchScreen.storyboard;
			sourceTree = "<group>";
		};
/* End PBXVariantGroup section */

/* Begin XCBuildConfiguration section */
		4B80E621220A33330088E8A7 /* Debug */ = {
			isa = XCBuildConfiguration;
			buildSettings = {
				ALWAYS_SEARCH_USER_PATHS = NO;
				CLANG_ANALYZER_NONNULL = YES;
				CLANG_ANALYZER_NUMBER_OBJECT_CONVERSION = YES_AGGRESSIVE;
				CLANG_CXX_LANGUAGE_STANDARD = "gnu++14";
				CLANG_CXX_LIBRARY = "libc++";
				CLANG_ENABLE_MODULES = YES;
				CLANG_ENABLE_OBJC_ARC = YES;
				CLANG_ENABLE_OBJC_WEAK = YES;
				CLANG_WARN_BLOCK_CAPTURE_AUTORELEASING = YES;
				CLANG_WARN_BOOL_CONVERSION = YES;
				CLANG_WARN_COMMA = YES;
				CLANG_WARN_CONSTANT_CONVERSION = YES;
				CLANG_WARN_DEPRECATED_OBJC_IMPLEMENTATIONS = YES;
				CLANG_WARN_DIRECT_OBJC_ISA_USAGE = YES_ERROR;
				CLANG_WARN_DOCUMENTATION_COMMENTS = YES;
				CLANG_WARN_EMPTY_BODY = YES;
				CLANG_WARN_ENUM_CONVERSION = YES;
				CLANG_WARN_INFINITE_RECURSION = YES;
				CLANG_WARN_INT_CONVERSION = YES;
				CLANG_WARN_NON_LITERAL_NULL_CONVERSION = YES;
				CLANG_WARN_OBJC_IMPLICIT_RETAIN_SELF = YES;
				CLANG_WARN_OBJC_LITERAL_CONVERSION = YES;
				CLANG_WARN_OBJC_ROOT_CLASS = YES_ERROR;
				CLANG_WARN_RANGE_LOOP_ANALYSIS = YES;
				CLANG_WARN_STRICT_PROTOTYPES = YES;
				CLANG_WARN_SUSPICIOUS_MOVE = YES;
				CLANG_WARN_UNGUARDED_AVAILABILITY = YES_AGGRESSIVE;
				CLANG_WARN_UNREACHABLE_CODE = YES;
				CLANG_WARN__DUPLICATE_METHOD_MATCH = YES;
				CODE_SIGN_IDENTITY = "iPhone Developer";
				COPY_PHASE_STRIP = NO;
				DEBUG_INFORMATION_FORMAT = dwarf;
				ENABLE_STRICT_OBJC_MSGSEND = YES;
				ENABLE_TESTABILITY = YES;
				GCC_C_LANGUAGE_STANDARD = gnu11;
				GCC_DYNAMIC_NO_PIC = NO;
				GCC_NO_COMMON_BLOCKS = YES;
				GCC_OPTIMIZATION_LEVEL = 0;
				GCC_PREPROCESSOR_DEFINITIONS = (
					"DEBUG=1",
					"$(inherited)",
				);
				GCC_WARN_64_TO_32_BIT_CONVERSION = YES;
				GCC_WARN_ABOUT_RETURN_TYPE = YES_ERROR;
				GCC_WARN_UNDECLARED_SELECTOR = YES;
				GCC_WARN_UNINITIALIZED_AUTOS = YES_AGGRESSIVE;
				GCC_WARN_UNUSED_FUNCTION = YES;
				GCC_WARN_UNUSED_VARIABLE = YES;
				IPHONEOS_DEPLOYMENT_TARGET = 12.1;
				MTL_ENABLE_DEBUG_INFO = INCLUDE_SOURCE;
				MTL_FAST_MATH = YES;
				ONLY_ACTIVE_ARCH = YES;
				SDKROOT = iphoneos;
				SWIFT_ACTIVE_COMPILATION_CONDITIONS = DEBUG;
				SWIFT_OPTIMIZATION_LEVEL = "-Onone";
			};
			name = Debug;
		};
		4B80E622220A33330088E8A7 /* Release */ = {
			isa = XCBuildConfiguration;
			buildSettings = {
				ALWAYS_SEARCH_USER_PATHS = NO;
				CLANG_ANALYZER_NONNULL = YES;
				CLANG_ANALYZER_NUMBER_OBJECT_CONVERSION = YES_AGGRESSIVE;
				CLANG_CXX_LANGUAGE_STANDARD = "gnu++14";
				CLANG_CXX_LIBRARY = "libc++";
				CLANG_ENABLE_MODULES = YES;
				CLANG_ENABLE_OBJC_ARC = YES;
				CLANG_ENABLE_OBJC_WEAK = YES;
				CLANG_WARN_BLOCK_CAPTURE_AUTORELEASING = YES;
				CLANG_WARN_BOOL_CONVERSION = YES;
				CLANG_WARN_COMMA = YES;
				CLANG_WARN_CONSTANT_CONVERSION = YES;
				CLANG_WARN_DEPRECATED_OBJC_IMPLEMENTATIONS = YES;
				CLANG_WARN_DIRECT_OBJC_ISA_USAGE = YES_ERROR;
				CLANG_WARN_DOCUMENTATION_COMMENTS = YES;
				CLANG_WARN_EMPTY_BODY = YES;
				CLANG_WARN_ENUM_CONVERSION = YES;
				CLANG_WARN_INFINITE_RECURSION = YES;
				CLANG_WARN_INT_CONVERSION = YES;
				CLANG_WARN_NON_LITERAL_NULL_CONVERSION = YES;
				CLANG_WARN_OBJC_IMPLICIT_RETAIN_SELF = YES;
				CLANG_WARN_OBJC_LITERAL_CONVERSION = YES;
				CLANG_WARN_OBJC_ROOT_CLASS = YES_ERROR;
				CLANG_WARN_RANGE_LOOP_ANALYSIS = YES;
				CLANG_WARN_STRICT_PROTOTYPES = YES;
				CLANG_WARN_SUSPICIOUS_MOVE = YES;
				CLANG_WARN_UNGUARDED_AVAILABILITY = YES_AGGRESSIVE;
				CLANG_WARN_UNREACHABLE_CODE = YES;
				CLANG_WARN__DUPLICATE_METHOD_MATCH = YES;
				CODE_SIGN_IDENTITY = "iPhone Developer";
				COPY_PHASE_STRIP = NO;
				DEBUG_INFORMATION_FORMAT = "dwarf-with-dsym";
				ENABLE_NS_ASSERTIONS = NO;
				ENABLE_STRICT_OBJC_MSGSEND = YES;
				GCC_C_LANGUAGE_STANDARD = gnu11;
				GCC_NO_COMMON_BLOCKS = YES;
				GCC_WARN_64_TO_32_BIT_CONVERSION = YES;
				GCC_WARN_ABOUT_RETURN_TYPE = YES_ERROR;
				GCC_WARN_UNDECLARED_SELECTOR = YES;
				GCC_WARN_UNINITIALIZED_AUTOS = YES_AGGRESSIVE;
				GCC_WARN_UNUSED_FUNCTION = YES;
				GCC_WARN_UNUSED_VARIABLE = YES;
				IPHONEOS_DEPLOYMENT_TARGET = 12.1;
				MTL_ENABLE_DEBUG_INFO = NO;
				MTL_FAST_MATH = YES;
				SDKROOT = iphoneos;
				SWIFT_COMPILATION_MODE = wholemodule;
				SWIFT_OPTIMIZATION_LEVEL = "-O";
				VALIDATE_PRODUCT = YES;
			};
			name = Release;
		};
		4B80E624220A33330088E8A7 /* Debug */ = {
			isa = XCBuildConfiguration;
			buildSettings = {
				ASSETCATALOG_COMPILER_APPICON_NAME = AppIcon;
				CODE_SIGN_STYLE = Automatic;
				DEVELOPMENT_TEAM = 7HF92455SQ;
				INFOPLIST_FILE = KrasamoStockTracker/Info.plist;
				LD_RUNPATH_SEARCH_PATHS = (
					"$(inherited)",
					"@executable_path/Frameworks",
				);
				PRODUCT_BUNDLE_IDENTIFIER = com.raysind.KrasamoStockTracker;
				PRODUCT_NAME = "$(TARGET_NAME)";
				SWIFT_VERSION = 4.2;
				TARGETED_DEVICE_FAMILY = "1,2";
			};
			name = Debug;
		};
		4B80E625220A33330088E8A7 /* Release */ = {
			isa = XCBuildConfiguration;
			buildSettings = {
				ASSETCATALOG_COMPILER_APPICON_NAME = AppIcon;
				CODE_SIGN_STYLE = Automatic;
				DEVELOPMENT_TEAM = 7HF92455SQ;
				INFOPLIST_FILE = KrasamoStockTracker/Info.plist;
				LD_RUNPATH_SEARCH_PATHS = (
					"$(inherited)",
					"@executable_path/Frameworks",
				);
				PRODUCT_BUNDLE_IDENTIFIER = com.raysind.KrasamoStockTracker;
				PRODUCT_NAME = "$(TARGET_NAME)";
				SWIFT_VERSION = 4.2;
				TARGETED_DEVICE_FAMILY = "1,2";
			};
			name = Release;
		};
		4B80E627220A33330088E8A7 /* Debug */ = {
			isa = XCBuildConfiguration;
			buildSettings = {
				ALWAYS_EMBED_SWIFT_STANDARD_LIBRARIES = YES;
				BUNDLE_LOADER = "$(TEST_HOST)";
				CODE_SIGN_STYLE = Automatic;
				DEVELOPMENT_TEAM = 7HF92455SQ;
				INFOPLIST_FILE = KrasamoStockTrackerTests/Info.plist;
				LD_RUNPATH_SEARCH_PATHS = (
					"$(inherited)",
					"@executable_path/Frameworks",
					"@loader_path/Frameworks",
				);
				PRODUCT_BUNDLE_IDENTIFIER = com.raysind.KrasamoStockTrackerTests;
				PRODUCT_NAME = "$(TARGET_NAME)";
				SWIFT_VERSION = 4.2;
				TARGETED_DEVICE_FAMILY = "1,2";
				TEST_HOST = "$(BUILT_PRODUCTS_DIR)/KrasamoStockTracker.app/KrasamoStockTracker";
			};
			name = Debug;
		};
		4B80E628220A33330088E8A7 /* Release */ = {
			isa = XCBuildConfiguration;
			buildSettings = {
				ALWAYS_EMBED_SWIFT_STANDARD_LIBRARIES = YES;
				BUNDLE_LOADER = "$(TEST_HOST)";
				CODE_SIGN_STYLE = Automatic;
				DEVELOPMENT_TEAM = 7HF92455SQ;
				INFOPLIST_FILE = KrasamoStockTrackerTests/Info.plist;
				LD_RUNPATH_SEARCH_PATHS = (
					"$(inherited)",
					"@executable_path/Frameworks",
					"@loader_path/Frameworks",
				);
				PRODUCT_BUNDLE_IDENTIFIER = com.raysind.KrasamoStockTrackerTests;
				PRODUCT_NAME = "$(TARGET_NAME)";
				SWIFT_VERSION = 4.2;
				TARGETED_DEVICE_FAMILY = "1,2";
				TEST_HOST = "$(BUILT_PRODUCTS_DIR)/KrasamoStockTracker.app/KrasamoStockTracker";
			};
			name = Release;
		};
/* End XCBuildConfiguration section */

/* Begin XCConfigurationList section */
		4B80E601220A33310088E8A7 /* Build configuration list for PBXProject "KrasamoStockTracker" */ = {
			isa = XCConfigurationList;
			buildConfigurations = (
				4B80E621220A33330088E8A7 /* Debug */,
				4B80E622220A33330088E8A7 /* Release */,
			);
			defaultConfigurationIsVisible = 0;
			defaultConfigurationName = Release;
		};
		4B80E623220A33330088E8A7 /* Build configuration list for PBXNativeTarget "KrasamoStockTracker" */ = {
			isa = XCConfigurationList;
			buildConfigurations = (
				4B80E624220A33330088E8A7 /* Debug */,
				4B80E625220A33330088E8A7 /* Release */,
			);
			defaultConfigurationIsVisible = 0;
			defaultConfigurationName = Release;
		};
		4B80E626220A33330088E8A7 /* Build configuration list for PBXNativeTarget "KrasamoStockTrackerTests" */ = {
			isa = XCConfigurationList;
			buildConfigurations = (
				4B80E627220A33330088E8A7 /* Debug */,
				4B80E628220A33330088E8A7 /* Release */,
			);
			defaultConfigurationIsVisible = 0;
			defaultConfigurationName = Release;
		};
/* End XCConfigurationList section */
	};
	rootObject = 4B80E5FE220A33310088E8A7 /* Project object */;
}